// !$*UTF8*$!
{
	archiveVersion = 1;
	classes = {
	};
	objectVersion = 50;
	objects = {

/* Begin PBXBuildFile section */
		F0242A1521DFF85200AD7C37 /* AppDelegate.swift in Sources */ = {isa = PBXBuildFile; fileRef = F0242A1421DFF85200AD7C37 /* AppDelegate.swift */; };
		F0242A1721DFF85200AD7C37 /* ViewController.swift in Sources */ = {isa = PBXBuildFile; fileRef = F0242A1621DFF85200AD7C37 /* ViewController.swift */; };
		F0242A1A21DFF85200AD7C37 /* Main.storyboard in Resources */ = {isa = PBXBuildFile; fileRef = F0242A1821DFF85200AD7C37 /* Main.storyboard */; };
		F0242A1C21DFF86300AD7C37 /* Assets.xcassets in Resources */ = {isa = PBXBuildFile; fileRef = F0242A1B21DFF86300AD7C37 /* Assets.xcassets */; };
		F0242A1F21DFF86300AD7C37 /* LaunchScreen.storyboard in Resources */ = {isa = PBXBuildFile; fileRef = F0242A1D21DFF86300AD7C37 /* LaunchScreen.storyboard */; };
		F0242A3121DFF96100AD7C37 /* DataViewController.swift in Sources */ = {isa = PBXBuildFile; fileRef = F0242A2F21DFF96000AD7C37 /* DataViewController.swift */; };
		F0242A3221DFF96100AD7C37 /* BucketItemCell.swift in Sources */ = {isa = PBXBuildFile; fileRef = F0242A3021DFF96000AD7C37 /* BucketItemCell.swift */; };
/* End PBXBuildFile section */

/* Begin PBXFileReference section */
		F0242A1121DFF85200AD7C37 /* MegaProject.app */ = {isa = PBXFileReference; explicitFileType = wrapper.application; includeInIndex = 0; path = MegaProject.app; sourceTree = BUILT_PRODUCTS_DIR; };
		F0242A1421DFF85200AD7C37 /* AppDelegate.swift */ = {isa = PBXFileReference; lastKnownFileType = sourcecode.swift; path = AppDelegate.swift; sourceTree = "<group>"; };
		F0242A1621DFF85200AD7C37 /* ViewController.swift */ = {isa = PBXFileReference; lastKnownFileType = sourcecode.swift; path = ViewController.swift; sourceTree = "<group>"; };
		F0242A1921DFF85200AD7C37 /* Base */ = {isa = PBXFileReference; lastKnownFileType = file.storyboard; name = Base; path = Base.lproj/Main.storyboard; sourceTree = "<group>"; };
		F0242A1B21DFF86300AD7C37 /* Assets.xcassets */ = {isa = PBXFileReference; lastKnownFileType = folder.assetcatalog; path = Assets.xcassets; sourceTree = "<group>"; };
		F0242A1E21DFF86300AD7C37 /* Base */ = {isa = PBXFileReference; lastKnownFileType = file.storyboard; name = Base; path = Base.lproj/LaunchScreen.storyboard; sourceTree = "<group>"; };
		F0242A2021DFF86300AD7C37 /* Info.plist */ = {isa = PBXFileReference; lastKnownFileType = text.plist.xml; path = Info.plist; sourceTree = "<group>"; };
		F0242A2F21DFF96000AD7C37 /* DataViewController.swift */ = {isa = PBXFileReference; fileEncoding = 4; lastKnownFileType = sourcecode.swift; path = DataViewController.swift; sourceTree = "<group>"; };
		F0242A3021DFF96000AD7C37 /* BucketItemCell.swift */ = {isa = PBXFileReference; fileEncoding = 4; lastKnownFileType = sourcecode.swift; path = BucketItemCell.swift; sourceTree = "<group>"; };
/* End PBXFileReference section */

/* Begin PBXFrameworksBuildPhase section */
		F0242A0E21DFF85200AD7C37 /* Frameworks */ = {
			isa = PBXFrameworksBuildPhase;
			buildActionMask = 2147483647;
			files = (
			);
			runOnlyForDeploymentPostprocessing = 0;
		};
/* End PBXFrameworksBuildPhase section */

/* Begin PBXGroup section */
		F0242A0821DFF85200AD7C37 = {
			isa = PBXGroup;
			children = (
				F0242A1321DFF85200AD7C37 /* MegaProject */,
				F0242A1221DFF85200AD7C37 /* Products */,
			);
			sourceTree = "<group>";
		};
		F0242A1221DFF85200AD7C37 /* Products */ = {
			isa = PBXGroup;
			children = (
				F0242A1121DFF85200AD7C37 /* MegaProject.app */,
			);
			name = Products;
			sourceTree = "<group>";
		};
		F0242A1321DFF85200AD7C37 /* MegaProject */ = {
			isa = PBXGroup;
			children = (
				F0242A2621DFF89400AD7C37 /* Resources */,
				F0242A2721DFF8A000AD7C37 /* Controller */,
				F0242A2821DFF8BE00AD7C37 /* View */,
			);
			path = MegaProject;
			sourceTree = "<group>";
		};
		F0242A2621DFF89400AD7C37 /* Resources */ = {
			isa = PBXGroup;
			children = (
				F0242A1421DFF85200AD7C37 /* AppDelegate.swift */,
				F0242A1B21DFF86300AD7C37 /* Assets.xcassets */,
				F0242A2021DFF86300AD7C37 /* Info.plist */,
			);
			path = Resources;
			sourceTree = "<group>";
		};
		F0242A2721DFF8A000AD7C37 /* Controller */ = {
			isa = PBXGroup;
			children = (
				F0242A2C21DFF8FA00AD7C37 /* Data */,
				F0242A2B21DFF8E500AD7C37 /* Algorithm */,
				F0242A2A21DFF8DC00AD7C37 /* Abstraction */,
				F0242A2921DFF8D100AD7C37 /* Creativity */,
				F0242A1621DFF85200AD7C37 /* ViewController.swift */,
			);
			path = Controller;
			sourceTree = "<group>";
		};
		F0242A2821DFF8BE00AD7C37 /* View */ = {
			isa = PBXGroup;
			children = (
				F0242A1821DFF85200AD7C37 /* Main.storyboard */,
				F0242A1D21DFF86300AD7C37 /* LaunchScreen.storyboard */,
			);
			path = View;
			sourceTree = "<group>";
		};
		F0242A2921DFF8D100AD7C37 /* Creativity */ = {
			isa = PBXGroup;
			children = (
			);
			path = Creativity;
			sourceTree = "<group>";
		};
		F0242A2A21DFF8DC00AD7C37 /* Abstraction */ = {
			isa = PBXGroup;
			children = (
			);
			path = Abstraction;
			sourceTree = "<group>";
		};
		F0242A2B21DFF8E500AD7C37 /* Algorithm */ = {
			isa = PBXGroup;
			children = (
			);
			path = Algorithm;
			sourceTree = "<group>";
		};
		F0242A2C21DFF8FA00AD7C37 /* Data */ = {
			isa = PBXGroup;
			children = (
				F0242A3021DFF96000AD7C37 /* BucketItemCell.swift */,
				F0242A2F21DFF96000AD7C37 /* DataViewController.swift */,
			);
			path = Data;
			sourceTree = "<group>";
		};
/* End PBXGroup section */

/* Begin PBXNativeTarget section */
		F0242A1021DFF85200AD7C37 /* MegaProject */ = {
			isa = PBXNativeTarget;
			buildConfigurationList = F0242A2321DFF86300AD7C37 /* Build configuration list for PBXNativeTarget "MegaProject" */;
			buildPhases = (
				F0242A0D21DFF85200AD7C37 /* Sources */,
				F0242A0E21DFF85200AD7C37 /* Frameworks */,
				F0242A0F21DFF85200AD7C37 /* Resources */,
			);
			buildRules = (
			);
			dependencies = (
			);
			name = MegaProject;
			productName = MegaProject;
			productReference = F0242A1121DFF85200AD7C37 /* MegaProject.app */;
			productType = "com.apple.product-type.application";
		};
/* End PBXNativeTarget section */

/* Begin PBXProject section */
		F0242A0921DFF85200AD7C37 /* Project object */ = {
			isa = PBXProject;
			attributes = {
				LastSwiftUpdateCheck = 1000;
				LastUpgradeCheck = 1000;
				ORGANIZATIONNAME = CTEC;
				TargetAttributes = {
					F0242A1021DFF85200AD7C37 = {
						CreatedOnToolsVersion = 10.0;
					};
				};
			};
			buildConfigurationList = F0242A0C21DFF85200AD7C37 /* Build configuration list for PBXProject "MegaProject" */;
			compatibilityVersion = "Xcode 9.3";
			developmentRegion = en;
			hasScannedForEncodings = 0;
			knownRegions = (
				en,
				Base,
			);
			mainGroup = F0242A0821DFF85200AD7C37;
			productRefGroup = F0242A1221DFF85200AD7C37 /* Products */;
			projectDirPath = "";
			projectRoot = "";
			targets = (
				F0242A1021DFF85200AD7C37 /* MegaProject */,
			);
		};
/* End PBXProject section */

/* Begin PBXResourcesBuildPhase section */
		F0242A0F21DFF85200AD7C37 /* Resources */ = {
			isa = PBXResourcesBuildPhase;
			buildActionMask = 2147483647;
			files = (
				F0242A1F21DFF86300AD7C37 /* LaunchScreen.storyboard in Resources */,
				F0242A1C21DFF86300AD7C37 /* Assets.xcassets in Resources */,
				F0242A1A21DFF85200AD7C37 /* Main.storyboard in Resources */,
			);
			runOnlyForDeploymentPostprocessing = 0;
		};
/* End PBXResourcesBuildPhase section */

/* Begin PBXSourcesBuildPhase section */
		F0242A0D21DFF85200AD7C37 /* Sources */ = {
			isa = PBXSourcesBuildPhase;
			buildActionMask = 2147483647;
			files = (
				F0242A3221DFF96100AD7C37 /* BucketItemCell.swift in Sources */,
				F0242A1721DFF85200AD7C37 /* ViewController.swift in Sources */,
				F0242A3121DFF96100AD7C37 /* DataViewController.swift in Sources */,
				F0242A1521DFF85200AD7C37 /* AppDelegate.swift in Sources */,
			);
			runOnlyForDeploymentPostprocessing = 0;
		};
/* End PBXSourcesBuildPhase section */

/* Begin PBXVariantGroup section */
		F0242A1821DFF85200AD7C37 /* Main.storyboard */ = {
			isa = PBXVariantGroup;
			children = (
				F0242A1921DFF85200AD7C37 /* Base */,
			);
			name = Main.storyboard;
			sourceTree = "<group>";
		};
		F0242A1D21DFF86300AD7C37 /* LaunchScreen.storyboard */ = {
			isa = PBXVariantGroup;
			children = (
				F0242A1E21DFF86300AD7C37 /* Base */,
			);
			name = LaunchScreen.storyboard;
			sourceTree = "<group>";
		};
/* End PBXVariantGroup section */

/* Begin XCBuildConfiguration section */
		F0242A2121DFF86300AD7C37 /* Debug */ = {
			isa = XCBuildConfiguration;
			buildSettings = {
				ALWAYS_SEARCH_USER_PATHS = NO;
				CLANG_ANALYZER_NONNULL = YES;
				CLANG_ANALYZER_NUMBER_OBJECT_CONVERSION = YES_AGGRESSIVE;
				CLANG_CXX_LANGUAGE_STANDARD = "gnu++14";
				CLANG_CXX_LIBRARY = "libc++";
				CLANG_ENABLE_MODULES = YES;
				CLANG_ENABLE_OBJC_ARC = YES;
				CLANG_ENABLE_OBJC_WEAK = YES;
				CLANG_WARN_BLOCK_CAPTURE_AUTORELEASING = YES;
				CLANG_WARN_BOOL_CONVERSION = YES;
				CLANG_WARN_COMMA = YES;
				CLANG_WARN_CONSTANT_CONVERSION = YES;
				CLANG_WARN_DEPRECATED_OBJC_IMPLEMENTATIONS = YES;
				CLANG_WARN_DIRECT_OBJC_ISA_USAGE = YES_ERROR;
				CLANG_WARN_DOCUMENTATION_COMMENTS = YES;
				CLANG_WARN_EMPTY_BODY = YES;
				CLANG_WARN_ENUM_CONVERSION = YES;
				CLANG_WARN_INFINITE_RECURSION = YES;
				CLANG_WARN_INT_CONVERSION = YES;
				CLANG_WARN_NON_LITERAL_NULL_CONVERSION = YES;
				CLANG_WARN_OBJC_IMPLICIT_RETAIN_SELF = YES;
				CLANG_WARN_OBJC_LITERAL_CONVERSION = YES;
				CLANG_WARN_OBJC_ROOT_CLASS = YES_ERROR;
				CLANG_WARN_RANGE_LOOP_ANALYSIS = YES;
				CLANG_WARN_STRICT_PROTOTYPES = YES;
				CLANG_WARN_SUSPICIOUS_MOVE = YES;
				CLANG_WARN_UNGUARDED_AVAILABILITY = YES_AGGRESSIVE;
				CLANG_WARN_UNREACHABLE_CODE = YES;
				CLANG_WARN__DUPLICATE_METHOD_MATCH = YES;
				CODE_SIGN_IDENTITY = "iPhone Developer";
				COPY_PHASE_STRIP = NO;
				DEBUG_INFORMATION_FORMAT = dwarf;
				ENABLE_STRICT_OBJC_MSGSEND = YES;
				ENABLE_TESTABILITY = YES;
				GCC_C_LANGUAGE_STANDARD = gnu11;
				GCC_DYNAMIC_NO_PIC = NO;
				GCC_NO_COMMON_BLOCKS = YES;
				GCC_OPTIMIZATION_LEVEL = 0;
				GCC_PREPROCESSOR_DEFINITIONS = (
					"DEBUG=1",
					"$(inherited)",
				);
				GCC_WARN_64_TO_32_BIT_CONVERSION = YES;
				GCC_WARN_ABOUT_RETURN_TYPE = YES_ERROR;
				GCC_WARN_UNDECLARED_SELECTOR = YES;
				GCC_WARN_UNINITIALIZED_AUTOS = YES_AGGRESSIVE;
				GCC_WARN_UNUSED_FUNCTION = YES;
				GCC_WARN_UNUSED_VARIABLE = YES;
				IPHONEOS_DEPLOYMENT_TARGET = 12.0;
				MTL_ENABLE_DEBUG_INFO = INCLUDE_SOURCE;
				MTL_FAST_MATH = YES;
				ONLY_ACTIVE_ARCH = YES;
				SDKROOT = iphoneos;
				SWIFT_ACTIVE_COMPILATION_CONDITIONS = DEBUG;
				SWIFT_OPTIMIZATION_LEVEL = "-Onone";
			};
			name = Debug;
		};
		F0242A2221DFF86300AD7C37 /* Release */ = {
			isa = XCBuildConfiguration;
			buildSettings = {
				ALWAYS_SEARCH_USER_PATHS = NO;
				CLANG_ANALYZER_NONNULL = YES;
				CLANG_ANALYZER_NUMBER_OBJECT_CONVERSION = YES_AGGRESSIVE;
				CLANG_CXX_LANGUAGE_STANDARD = "gnu++14";
				CLANG_CXX_LIBRARY = "libc++";
				CLANG_ENABLE_MODULES = YES;
				CLANG_ENABLE_OBJC_ARC = YES;
				CLANG_ENABLE_OBJC_WEAK = YES;
				CLANG_WARN_BLOCK_CAPTURE_AUTORELEASING = YES;
				CLANG_WARN_BOOL_CONVERSION = YES;
				CLANG_WARN_COMMA = YES;
				CLANG_WARN_CONSTANT_CONVERSION = YES;
				CLANG_WARN_DEPRECATED_OBJC_IMPLEMENTATIONS = YES;
				CLANG_WARN_DIRECT_OBJC_ISA_USAGE = YES_ERROR;
				CLANG_WARN_DOCUMENTATION_COMMENTS = YES;
				CLANG_WARN_EMPTY_BODY = YES;
				CLANG_WARN_ENUM_CONVERSION = YES;
				CLANG_WARN_INFINITE_RECURSION = YES;
				CLANG_WARN_INT_CONVERSION = YES;
				CLANG_WARN_NON_LITERAL_NULL_CONVERSION = YES;
				CLANG_WARN_OBJC_IMPLICIT_RETAIN_SELF = YES;
				CLANG_WARN_OBJC_LITERAL_CONVERSION = YES;
				CLANG_WARN_OBJC_ROOT_CLASS = YES_ERROR;
				CLANG_WARN_RANGE_LOOP_ANALYSIS = YES;
				CLANG_WARN_STRICT_PROTOTYPES = YES;
				CLANG_WARN_SUSPICIOUS_MOVE = YES;
				CLANG_WARN_UNGUARDED_AVAILABILITY = YES_AGGRESSIVE;
				CLANG_WARN_UNREACHABLE_CODE = YES;
				CLANG_WARN__DUPLICATE_METHOD_MATCH = YES;
				CODE_SIGN_IDENTITY = "iPhone Developer";
				COPY_PHASE_STRIP = NO;
				DEBUG_INFORMATION_FORMAT = "dwarf-with-dsym";
				ENABLE_NS_ASSERTIONS = NO;
				ENABLE_STRICT_OBJC_MSGSEND = YES;
				GCC_C_LANGUAGE_STANDARD = gnu11;
				GCC_NO_COMMON_BLOCKS = YES;
				GCC_WARN_64_TO_32_BIT_CONVERSION = YES;
				GCC_WARN_ABOUT_RETURN_TYPE = YES_ERROR;
				GCC_WARN_UNDECLARED_SELECTOR = YES;
				GCC_WARN_UNINITIALIZED_AUTOS = YES_AGGRESSIVE;
				GCC_WARN_UNUSED_FUNCTION = YES;
				GCC_WARN_UNUSED_VARIABLE = YES;
				IPHONEOS_DEPLOYMENT_TARGET = 12.0;
				MTL_ENABLE_DEBUG_INFO = NO;
				MTL_FAST_MATH = YES;
				SDKROOT = iphoneos;
				SWIFT_COMPILATION_MODE = wholemodule;
				SWIFT_OPTIMIZATION_LEVEL = "-O";
				VALIDATE_PRODUCT = YES;
			};
			name = Release;
		};
		F0242A2421DFF86300AD7C37 /* Debug */ = {
			isa = XCBuildConfiguration;
			buildSettings = {
				ASSETCATALOG_COMPILER_APPICON_NAME = AppIcon;
				CODE_SIGN_STYLE = Automatic;
				INFOPLIST_FILE = "$(SRCROOT)/MegaProject/Resources/Info.plist";
				LD_RUNPATH_SEARCH_PATHS = (
					"$(inherited)",
					"@executable_path/Frameworks",
				);
				PRODUCT_BUNDLE_IDENTIFIER = CTEC.MegaProject;
				PRODUCT_NAME = "$(TARGET_NAME)";
				SWIFT_VERSION = 4.2;
				TARGETED_DEVICE_FAMILY = "1,2";
			};
			name = Debug;
		};
		F0242A2521DFF86300AD7C37 /* Release */ = {
			isa = XCBuildConfiguration;
			buildSettings = {
				ASSETCATALOG_COMPILER_APPICON_NAME = AppIcon;
				CODE_SIGN_STYLE = Automatic;
				INFOPLIST_FILE = "$(SRCROOT)/MegaProject/Resources/Info.plist";
				LD_RUNPATH_SEARCH_PATHS = (
					"$(inherited)",
					"@executable_path/Frameworks",
				);
				PRODUCT_BUNDLE_IDENTIFIER = CTEC.MegaProject;
				PRODUCT_NAME = "$(TARGET_NAME)";
				SWIFT_VERSION = 4.2;
				TARGETED_DEVICE_FAMILY = "1,2";
			};
			name = Release;
		};
/* End XCBuildConfiguration section */

/* Begin XCConfigurationList section */
		F0242A0C21DFF85200AD7C37 /* Build configuration list for PBXProject "MegaProject" */ = {
			isa = XCConfigurationList;
			buildConfigurations = (
				F0242A2121DFF86300AD7C37 /* Debug */,
				F0242A2221DFF86300AD7C37 /* Release */,
			);
			defaultConfigurationIsVisible = 0;
			defaultConfigurationName = Release;
		};
		F0242A2321DFF86300AD7C37 /* Build configuration list for PBXNativeTarget "MegaProject" */ = {
			isa = XCConfigurationList;
			buildConfigurations = (
				F0242A2421DFF86300AD7C37 /* Debug */,
				F0242A2521DFF86300AD7C37 /* Release */,
			);
			defaultConfigurationIsVisible = 0;
			defaultConfigurationName = Release;
		};
/* End XCConfigurationList section */
	};
	rootObject = F0242A0921DFF85200AD7C37 /* Project object */;
}
